// !$*UTF8*$!
{
	archiveVersion = 1;
	classes = {
	};
	objectVersion = 46;
	objects = {

/* Begin PBXBuildFile section */
		6A6D4C5D1E2738770008FB99 /* SplashScreenModule.swift in Sources */ = {isa = PBXBuildFile; fileRef = 6A6D4C5C1E2738770008FB99 /* SplashScreenModule.swift */; };
		6A6D4C5F1E2749CF0008FB99 /* BoundaryProtocols.swift in Sources */ = {isa = PBXBuildFile; fileRef = 6A6D4C5E1E2749CF0008FB99 /* BoundaryProtocols.swift */; };
		6A6D4C631E27564C0008FB99 /* SplashScreenViewBoundary.swift in Sources */ = {isa = PBXBuildFile; fileRef = 6A6D4C621E27564C0008FB99 /* SplashScreenViewBoundary.swift */; };
		6A6D4C651E275D8B0008FB99 /* InteractorProtocols.swift in Sources */ = {isa = PBXBuildFile; fileRef = 6A6D4C641E275D8B0008FB99 /* InteractorProtocols.swift */; };
		6A72200F1E1E278800CBEF85 /* AppDelegate.swift in Sources */ = {isa = PBXBuildFile; fileRef = 6A72200E1E1E278800CBEF85 /* AppDelegate.swift */; };
		6A7220111E1E278900CBEF85 /* ViewController.swift in Sources */ = {isa = PBXBuildFile; fileRef = 6A7220101E1E278900CBEF85 /* ViewController.swift */; };
		6A7220141E1E278B00CBEF85 /* Main.storyboard in Resources */ = {isa = PBXBuildFile; fileRef = 6A7220121E1E278B00CBEF85 /* Main.storyboard */; };
		6A7220171E1E278C00CBEF85 /* TestSwift.xcdatamodeld in Sources */ = {isa = PBXBuildFile; fileRef = 6A7220151E1E278B00CBEF85 /* TestSwift.xcdatamodeld */; };
		6A7220191E1E278C00CBEF85 /* Assets.xcassets in Resources */ = {isa = PBXBuildFile; fileRef = 6A7220181E1E278C00CBEF85 /* Assets.xcassets */; };
		6A72201C1E1E278C00CBEF85 /* LaunchScreen.storyboard in Resources */ = {isa = PBXBuildFile; fileRef = 6A72201A1E1E278C00CBEF85 /* LaunchScreen.storyboard */; };
		6A7220271E1E278D00CBEF85 /* TestSwiftTests.swift in Sources */ = {isa = PBXBuildFile; fileRef = 6A7220261E1E278D00CBEF85 /* TestSwiftTests.swift */; };
		6A7220321E1E278D00CBEF85 /* TestSwiftUITests.swift in Sources */ = {isa = PBXBuildFile; fileRef = 6A7220311E1E278D00CBEF85 /* TestSwiftUITests.swift */; };
		6A7DF7E21E2607060083039C /* BaseViewController.swift in Sources */ = {isa = PBXBuildFile; fileRef = 6A7DF7E11E2607060083039C /* BaseViewController.swift */; };
		6A7DF7E41E2607190083039C /* SplashViewController.swift in Sources */ = {isa = PBXBuildFile; fileRef = 6A7DF7E31E2607190083039C /* SplashViewController.swift */; };
		6A7DF7E61E26126B0083039C /* BaseModule.swift in Sources */ = {isa = PBXBuildFile; fileRef = 6A7DF7E51E26126B0083039C /* BaseModule.swift */; };
		6A7DF7E91E26138B0083039C /* Interfaces.swift in Sources */ = {isa = PBXBuildFile; fileRef = 6A7DF7E81E26138B0083039C /* Interfaces.swift */; };
		6A7DF7EB1E26175C0083039C /* UserActions.swift in Sources */ = {isa = PBXBuildFile; fileRef = 6A7DF7EA1E26175C0083039C /* UserActions.swift */; };
		6A7DF7ED1E2617C80083039C /* Events.swift in Sources */ = {isa = PBXBuildFile; fileRef = 6A7DF7EC1E2617C80083039C /* Events.swift */; };
		6A7DF7EF1E261E980083039C /* Outlets.swift in Sources */ = {isa = PBXBuildFile; fileRef = 6A7DF7EE1E261E980083039C /* Outlets.swift */; };
		6A7DF7F11E263D800083039C /* TestSwiftApp.swift in Sources */ = {isa = PBXBuildFile; fileRef = 6A7DF7F01E263D800083039C /* TestSwiftApp.swift */; };
		6A7DF7F81E26409F0083039C /* Reachability.swift in Sources */ = {isa = PBXBuildFile; fileRef = 6A7DF7F71E26409F0083039C /* Reachability.swift */; };
		6A95E9B11E2F4E27001F5BCE /* RepositoryInterfaces.swift in Sources */ = {isa = PBXBuildFile; fileRef = 6A95E9B01E2F4E27001F5BCE /* RepositoryInterfaces.swift */; };
		6A95E9B31E2F516D001F5BCE /* SplashScreenInteractor.swift in Sources */ = {isa = PBXBuildFile; fileRef = 6A95E9B21E2F516D001F5BCE /* SplashScreenInteractor.swift */; };
/* End PBXBuildFile section */

/* Begin PBXContainerItemProxy section */
		6A7220231E1E278C00CBEF85 /* PBXContainerItemProxy */ = {
			isa = PBXContainerItemProxy;
			containerPortal = 6A7220031E1E278800CBEF85 /* Project object */;
			proxyType = 1;
			remoteGlobalIDString = 6A72200A1E1E278800CBEF85;
			remoteInfo = TestSwift;
		};
		6A72202E1E1E278D00CBEF85 /* PBXContainerItemProxy */ = {
			isa = PBXContainerItemProxy;
			containerPortal = 6A7220031E1E278800CBEF85 /* Project object */;
			proxyType = 1;
			remoteGlobalIDString = 6A72200A1E1E278800CBEF85;
			remoteInfo = TestSwift;
		};
/* End PBXContainerItemProxy section */

/* Begin PBXFileReference section */
		6A6D4C5C1E2738770008FB99 /* SplashScreenModule.swift */ = {isa = PBXFileReference; fileEncoding = 4; lastKnownFileType = sourcecode.swift; path = SplashScreenModule.swift; sourceTree = "<group>"; };
		6A6D4C5E1E2749CF0008FB99 /* BoundaryProtocols.swift */ = {isa = PBXFileReference; fileEncoding = 4; lastKnownFileType = sourcecode.swift; path = BoundaryProtocols.swift; sourceTree = "<group>"; };
		6A6D4C611E274C560008FB99 /* TestSwift-Bridging-Header.h */ = {isa = PBXFileReference; lastKnownFileType = sourcecode.c.h; path = "TestSwift-Bridging-Header.h"; sourceTree = "<group>"; };
		6A6D4C621E27564C0008FB99 /* SplashScreenViewBoundary.swift */ = {isa = PBXFileReference; fileEncoding = 4; lastKnownFileType = sourcecode.swift; path = SplashScreenViewBoundary.swift; sourceTree = "<group>"; };
		6A6D4C641E275D8B0008FB99 /* InteractorProtocols.swift */ = {isa = PBXFileReference; fileEncoding = 4; lastKnownFileType = sourcecode.swift; path = InteractorProtocols.swift; sourceTree = "<group>"; };
		6A72200B1E1E278800CBEF85 /* TestSwift.app */ = {isa = PBXFileReference; explicitFileType = wrapper.application; includeInIndex = 0; path = TestSwift.app; sourceTree = BUILT_PRODUCTS_DIR; };
		6A72200E1E1E278800CBEF85 /* AppDelegate.swift */ = {isa = PBXFileReference; lastKnownFileType = sourcecode.swift; path = AppDelegate.swift; sourceTree = "<group>"; };
		6A7220101E1E278900CBEF85 /* ViewController.swift */ = {isa = PBXFileReference; lastKnownFileType = sourcecode.swift; path = ViewController.swift; sourceTree = "<group>"; };
		6A7220131E1E278B00CBEF85 /* Base */ = {isa = PBXFileReference; lastKnownFileType = file.storyboard; name = Base; path = Base.lproj/Main.storyboard; sourceTree = "<group>"; };
		6A7220161E1E278B00CBEF85 /* TestSwift.xcdatamodel */ = {isa = PBXFileReference; lastKnownFileType = wrapper.xcdatamodel; path = TestSwift.xcdatamodel; sourceTree = "<group>"; };
		6A7220181E1E278C00CBEF85 /* Assets.xcassets */ = {isa = PBXFileReference; lastKnownFileType = folder.assetcatalog; path = Assets.xcassets; sourceTree = "<group>"; };
		6A72201B1E1E278C00CBEF85 /* Base */ = {isa = PBXFileReference; lastKnownFileType = file.storyboard; name = Base; path = Base.lproj/LaunchScreen.storyboard; sourceTree = "<group>"; };
		6A72201D1E1E278C00CBEF85 /* Info.plist */ = {isa = PBXFileReference; lastKnownFileType = text.plist.xml; path = Info.plist; sourceTree = "<group>"; };
		6A7220221E1E278C00CBEF85 /* TestSwiftTests.xctest */ = {isa = PBXFileReference; explicitFileType = wrapper.cfbundle; includeInIndex = 0; path = TestSwiftTests.xctest; sourceTree = BUILT_PRODUCTS_DIR; };
		6A7220261E1E278D00CBEF85 /* TestSwiftTests.swift */ = {isa = PBXFileReference; lastKnownFileType = sourcecode.swift; path = TestSwiftTests.swift; sourceTree = "<group>"; };
		6A7220281E1E278D00CBEF85 /* Info.plist */ = {isa = PBXFileReference; lastKnownFileType = text.plist.xml; path = Info.plist; sourceTree = "<group>"; };
		6A72202D1E1E278D00CBEF85 /* TestSwiftUITests.xctest */ = {isa = PBXFileReference; explicitFileType = wrapper.cfbundle; includeInIndex = 0; path = TestSwiftUITests.xctest; sourceTree = BUILT_PRODUCTS_DIR; };
		6A7220311E1E278D00CBEF85 /* TestSwiftUITests.swift */ = {isa = PBXFileReference; lastKnownFileType = sourcecode.swift; path = TestSwiftUITests.swift; sourceTree = "<group>"; };
		6A7220331E1E278D00CBEF85 /* Info.plist */ = {isa = PBXFileReference; lastKnownFileType = text.plist.xml; path = Info.plist; sourceTree = "<group>"; };
		6A7DF7E11E2607060083039C /* BaseViewController.swift */ = {isa = PBXFileReference; fileEncoding = 4; lastKnownFileType = sourcecode.swift; path = BaseViewController.swift; sourceTree = "<group>"; };
		6A7DF7E31E2607190083039C /* SplashViewController.swift */ = {isa = PBXFileReference; fileEncoding = 4; lastKnownFileType = sourcecode.swift; path = SplashViewController.swift; sourceTree = "<group>"; };
		6A7DF7E51E26126B0083039C /* BaseModule.swift */ = {isa = PBXFileReference; fileEncoding = 4; lastKnownFileType = sourcecode.swift; path = BaseModule.swift; sourceTree = "<group>"; };
		6A7DF7E81E26138B0083039C /* Interfaces.swift */ = {isa = PBXFileReference; fileEncoding = 4; lastKnownFileType = sourcecode.swift; path = Interfaces.swift; sourceTree = "<group>"; };
		6A7DF7EA1E26175C0083039C /* UserActions.swift */ = {isa = PBXFileReference; fileEncoding = 4; lastKnownFileType = sourcecode.swift; path = UserActions.swift; sourceTree = "<group>"; };
		6A7DF7EC1E2617C80083039C /* Events.swift */ = {isa = PBXFileReference; fileEncoding = 4; lastKnownFileType = sourcecode.swift; path = Events.swift; sourceTree = "<group>"; };
		6A7DF7EE1E261E980083039C /* Outlets.swift */ = {isa = PBXFileReference; fileEncoding = 4; lastKnownFileType = sourcecode.swift; path = Outlets.swift; sourceTree = "<group>"; };
		6A7DF7F01E263D800083039C /* TestSwiftApp.swift */ = {isa = PBXFileReference; fileEncoding = 4; lastKnownFileType = sourcecode.swift; path = TestSwiftApp.swift; sourceTree = "<group>"; };
		6A7DF7F71E26409F0083039C /* Reachability.swift */ = {isa = PBXFileReference; fileEncoding = 4; lastKnownFileType = sourcecode.swift; path = Reachability.swift; sourceTree = "<group>"; };
		6A95E9B01E2F4E27001F5BCE /* RepositoryInterfaces.swift */ = {isa = PBXFileReference; fileEncoding = 4; lastKnownFileType = sourcecode.swift; path = RepositoryInterfaces.swift; sourceTree = "<group>"; };
		6A95E9B21E2F516D001F5BCE /* SplashScreenInteractor.swift */ = {isa = PBXFileReference; fileEncoding = 4; lastKnownFileType = sourcecode.swift; path = SplashScreenInteractor.swift; sourceTree = "<group>"; };
/* End PBXFileReference section */

/* Begin PBXFrameworksBuildPhase section */
		6A7220081E1E278800CBEF85 /* Frameworks */ = {
			isa = PBXFrameworksBuildPhase;
			buildActionMask = 2147483647;
			files = (
			);
			runOnlyForDeploymentPostprocessing = 0;
		};
		6A72201F1E1E278C00CBEF85 /* Frameworks */ = {
			isa = PBXFrameworksBuildPhase;
			buildActionMask = 2147483647;
			files = (
			);
			runOnlyForDeploymentPostprocessing = 0;
		};
		6A72202A1E1E278D00CBEF85 /* Frameworks */ = {
			isa = PBXFrameworksBuildPhase;
			buildActionMask = 2147483647;
			files = (
			);
			runOnlyForDeploymentPostprocessing = 0;
		};
/* End PBXFrameworksBuildPhase section */

/* Begin PBXGroup section */
		6A6D4C5B1E2738520008FB99 /* Modules */ = {
			isa = PBXGroup;
			children = (
				6A6D4C5C1E2738770008FB99 /* SplashScreenModule.swift */,
			);
			name = Modules;
			sourceTree = "<group>";
		};
		6A7220021E1E278700CBEF85 = {
			isa = PBXGroup;
			children = (
				6A72200D1E1E278800CBEF85 /* TestSwift */,
				6A7220251E1E278D00CBEF85 /* TestSwiftTests */,
				6A7220301E1E278D00CBEF85 /* TestSwiftUITests */,
				6A72200C1E1E278800CBEF85 /* Products */,
			);
			sourceTree = "<group>";
		};
		6A72200C1E1E278800CBEF85 /* Products */ = {
			isa = PBXGroup;
			children = (
				6A72200B1E1E278800CBEF85 /* TestSwift.app */,
				6A7220221E1E278C00CBEF85 /* TestSwiftTests.xctest */,
				6A72202D1E1E278D00CBEF85 /* TestSwiftUITests.xctest */,
			);
			name = Products;
			sourceTree = "<group>";
		};
		6A72200D1E1E278800CBEF85 /* TestSwift */ = {
			isa = PBXGroup;
			children = (
				6A95E9AF1E2F4DCB001F5BCE /* Model */,
				6A7DF7F21E263EA40083039C /* API */,
				6A7DF7E71E2613680083039C /* SharedProtocols */,
				6A7DF7DF1E2606C70083039C /* Core */,
				6A7DF7DB1E2606450083039C /* ViewControllers */,
				6A72200E1E1E278800CBEF85 /* AppDelegate.swift */,
				6A7220101E1E278900CBEF85 /* ViewController.swift */,
				6A7220121E1E278B00CBEF85 /* Main.storyboard */,
				6A7220181E1E278C00CBEF85 /* Assets.xcassets */,
				6A72201A1E1E278C00CBEF85 /* LaunchScreen.storyboard */,
				6A72201D1E1E278C00CBEF85 /* Info.plist */,
				6A7220151E1E278B00CBEF85 /* TestSwift.xcdatamodeld */,
				6A6D4C611E274C560008FB99 /* TestSwift-Bridging-Header.h */,
			);
			path = TestSwift;
			sourceTree = "<group>";
		};
		6A7220251E1E278D00CBEF85 /* TestSwiftTests */ = {
			isa = PBXGroup;
			children = (
				6A7220261E1E278D00CBEF85 /* TestSwiftTests.swift */,
				6A7220281E1E278D00CBEF85 /* Info.plist */,
			);
			path = TestSwiftTests;
			sourceTree = "<group>";
		};
		6A7220301E1E278D00CBEF85 /* TestSwiftUITests */ = {
			isa = PBXGroup;
			children = (
				6A7220311E1E278D00CBEF85 /* TestSwiftUITests.swift */,
				6A7220331E1E278D00CBEF85 /* Info.plist */,
			);
			path = TestSwiftUITests;
			sourceTree = "<group>";
		};
		6A7DF7DB1E2606450083039C /* ViewControllers */ = {
			isa = PBXGroup;
			children = (
				6A7DF7DC1E2606500083039C /* Splash */,
			);
			name = ViewControllers;
			sourceTree = "<group>";
		};
		6A7DF7DC1E2606500083039C /* Splash */ = {
			isa = PBXGroup;
			children = (
				6A7DF7E31E2607190083039C /* SplashViewController.swift */,
				6A6D4C621E27564C0008FB99 /* SplashScreenViewBoundary.swift */,
				6A95E9B21E2F516D001F5BCE /* SplashScreenInteractor.swift */,
			);
			name = Splash;
			sourceTree = "<group>";
		};
		6A7DF7DF1E2606C70083039C /* Core */ = {
			isa = PBXGroup;
			children = (
				6A6D4C5B1E2738520008FB99 /* Modules */,
				6A7DF7E01E2606CF0083039C /* Base Classes */,
				6A7DF7F01E263D800083039C /* TestSwiftApp.swift */,
			);
			name = Core;
			sourceTree = "<group>";
		};
		6A7DF7E01E2606CF0083039C /* Base Classes */ = {
			isa = PBXGroup;
			children = (
				6A7DF7E11E2607060083039C /* BaseViewController.swift */,
				6A7DF7E51E26126B0083039C /* BaseModule.swift */,
			);
			name = "Base Classes";
			sourceTree = "<group>";
		};
		6A7DF7E71E2613680083039C /* SharedProtocols */ = {
			isa = PBXGroup;
			children = (
				6A7DF7E81E26138B0083039C /* Interfaces.swift */,
				6A7DF7EA1E26175C0083039C /* UserActions.swift */,
				6A7DF7EC1E2617C80083039C /* Events.swift */,
				6A7DF7EE1E261E980083039C /* Outlets.swift */,
				6A6D4C5E1E2749CF0008FB99 /* BoundaryProtocols.swift */,
				6A6D4C641E275D8B0008FB99 /* InteractorProtocols.swift */,
			);
			name = SharedProtocols;
			sourceTree = "<group>";
		};
		6A7DF7F21E263EA40083039C /* API */ = {
			isa = PBXGroup;
			children = (
				6A7DF7F71E26409F0083039C /* Reachability.swift */,
			);
			name = API;
			sourceTree = "<group>";
		};
		6A95E9AF1E2F4DCB001F5BCE /* Model */ = {
			isa = PBXGroup;
			children = (
				6A95E9B01E2F4E27001F5BCE /* RepositoryInterfaces.swift */,
			);
			name = Model;
			sourceTree = "<group>";
		};
/* End PBXGroup section */

/* Begin PBXNativeTarget section */
		6A72200A1E1E278800CBEF85 /* TestSwift */ = {
			isa = PBXNativeTarget;
			buildConfigurationList = 6A7220361E1E278D00CBEF85 /* Build configuration list for PBXNativeTarget "TestSwift" */;
			buildPhases = (
				6A7220071E1E278800CBEF85 /* Sources */,
				6A7220081E1E278800CBEF85 /* Frameworks */,
				6A7220091E1E278800CBEF85 /* Resources */,
			);
			buildRules = (
			);
			dependencies = (
			);
			name = TestSwift;
			productName = TestSwift;
			productReference = 6A72200B1E1E278800CBEF85 /* TestSwift.app */;
			productType = "com.apple.product-type.application";
		};
		6A7220211E1E278C00CBEF85 /* TestSwiftTests */ = {
			isa = PBXNativeTarget;
			buildConfigurationList = 6A7220391E1E278D00CBEF85 /* Build configuration list for PBXNativeTarget "TestSwiftTests" */;
			buildPhases = (
				6A72201E1E1E278C00CBEF85 /* Sources */,
				6A72201F1E1E278C00CBEF85 /* Frameworks */,
				6A7220201E1E278C00CBEF85 /* Resources */,
			);
			buildRules = (
			);
			dependencies = (
				6A7220241E1E278C00CBEF85 /* PBXTargetDependency */,
			);
			name = TestSwiftTests;
			productName = TestSwiftTests;
			productReference = 6A7220221E1E278C00CBEF85 /* TestSwiftTests.xctest */;
			productType = "com.apple.product-type.bundle.unit-test";
		};
		6A72202C1E1E278D00CBEF85 /* TestSwiftUITests */ = {
			isa = PBXNativeTarget;
			buildConfigurationList = 6A72203C1E1E278D00CBEF85 /* Build configuration list for PBXNativeTarget "TestSwiftUITests" */;
			buildPhases = (
				6A7220291E1E278D00CBEF85 /* Sources */,
				6A72202A1E1E278D00CBEF85 /* Frameworks */,
				6A72202B1E1E278D00CBEF85 /* Resources */,
			);
			buildRules = (
			);
			dependencies = (
				6A72202F1E1E278D00CBEF85 /* PBXTargetDependency */,
			);
			name = TestSwiftUITests;
			productName = TestSwiftUITests;
			productReference = 6A72202D1E1E278D00CBEF85 /* TestSwiftUITests.xctest */;
			productType = "com.apple.product-type.bundle.ui-testing";
		};
/* End PBXNativeTarget section */

/* Begin PBXProject section */
		6A7220031E1E278800CBEF85 /* Project object */ = {
			isa = PBXProject;
			attributes = {
				LastSwiftUpdateCheck = 0800;
				LastUpgradeCheck = 0800;
				ORGANIZATIONNAME = "Wylog iOS Dev";
				TargetAttributes = {
					6A72200A1E1E278800CBEF85 = {
						CreatedOnToolsVersion = 8.0;
						ProvisioningStyle = Automatic;
					};
					6A7220211E1E278C00CBEF85 = {
						CreatedOnToolsVersion = 8.0;
						ProvisioningStyle = Automatic;
						TestTargetID = 6A72200A1E1E278800CBEF85;
					};
					6A72202C1E1E278D00CBEF85 = {
						CreatedOnToolsVersion = 8.0;
						ProvisioningStyle = Automatic;
						TestTargetID = 6A72200A1E1E278800CBEF85;
					};
				};
			};
			buildConfigurationList = 6A7220061E1E278800CBEF85 /* Build configuration list for PBXProject "TestSwift" */;
			compatibilityVersion = "Xcode 3.2";
			developmentRegion = English;
			hasScannedForEncodings = 0;
			knownRegions = (
				en,
				Base,
			);
			mainGroup = 6A7220021E1E278700CBEF85;
			productRefGroup = 6A72200C1E1E278800CBEF85 /* Products */;
			projectDirPath = "";
			projectRoot = "";
			targets = (
				6A72200A1E1E278800CBEF85 /* TestSwift */,
				6A7220211E1E278C00CBEF85 /* TestSwiftTests */,
				6A72202C1E1E278D00CBEF85 /* TestSwiftUITests */,
			);
		};
/* End PBXProject section */

/* Begin PBXResourcesBuildPhase section */
		6A7220091E1E278800CBEF85 /* Resources */ = {
			isa = PBXResourcesBuildPhase;
			buildActionMask = 2147483647;
			files = (
				6A72201C1E1E278C00CBEF85 /* LaunchScreen.storyboard in Resources */,
				6A7220191E1E278C00CBEF85 /* Assets.xcassets in Resources */,
				6A7220141E1E278B00CBEF85 /* Main.storyboard in Resources */,
			);
			runOnlyForDeploymentPostprocessing = 0;
		};
		6A7220201E1E278C00CBEF85 /* Resources */ = {
			isa = PBXResourcesBuildPhase;
			buildActionMask = 2147483647;
			files = (
			);
			runOnlyForDeploymentPostprocessing = 0;
		};
		6A72202B1E1E278D00CBEF85 /* Resources */ = {
			isa = PBXResourcesBuildPhase;
			buildActionMask = 2147483647;
			files = (
			);
			runOnlyForDeploymentPostprocessing = 0;
		};
/* End PBXResourcesBuildPhase section */

/* Begin PBXSourcesBuildPhase section */
		6A7220071E1E278800CBEF85 /* Sources */ = {
			isa = PBXSourcesBuildPhase;
			buildActionMask = 2147483647;
			files = (
				6A6D4C5D1E2738770008FB99 /* SplashScreenModule.swift in Sources */,
				6A7DF7E61E26126B0083039C /* BaseModule.swift in Sources */,
				6A7DF7E21E2607060083039C /* BaseViewController.swift in Sources */,
				6A6D4C631E27564C0008FB99 /* SplashScreenViewBoundary.swift in Sources */,
				6A6D4C651E275D8B0008FB99 /* InteractorProtocols.swift in Sources */,
				6A95E9B11E2F4E27001F5BCE /* RepositoryInterfaces.swift in Sources */,
				6A7DF7F81E26409F0083039C /* Reachability.swift in Sources */,
				6A95E9B31E2F516D001F5BCE /* SplashScreenInteractor.swift in Sources */,
				6A7220111E1E278900CBEF85 /* ViewController.swift in Sources */,
				6A6D4C5F1E2749CF0008FB99 /* BoundaryProtocols.swift in Sources */,
				6A7DF7F11E263D800083039C /* TestSwiftApp.swift in Sources */,
				6A72200F1E1E278800CBEF85 /* AppDelegate.swift in Sources */,
				6A7DF7EF1E261E980083039C /* Outlets.swift in Sources */,
				6A7DF7EB1E26175C0083039C /* UserActions.swift in Sources */,
				6A7DF7E91E26138B0083039C /* Interfaces.swift in Sources */,
				6A7DF7ED1E2617C80083039C /* Events.swift in Sources */,
				6A7220171E1E278C00CBEF85 /* TestSwift.xcdatamodeld in Sources */,
				6A7DF7E41E2607190083039C /* SplashViewController.swift in Sources */,
			);
			runOnlyForDeploymentPostprocessing = 0;
		};
		6A72201E1E1E278C00CBEF85 /* Sources */ = {
			isa = PBXSourcesBuildPhase;
			buildActionMask = 2147483647;
			files = (
				6A7220271E1E278D00CBEF85 /* TestSwiftTests.swift in Sources */,
			);
			runOnlyForDeploymentPostprocessing = 0;
		};
		6A7220291E1E278D00CBEF85 /* Sources */ = {
			isa = PBXSourcesBuildPhase;
			buildActionMask = 2147483647;
			files = (
				6A7220321E1E278D00CBEF85 /* TestSwiftUITests.swift in Sources */,
			);
			runOnlyForDeploymentPostprocessing = 0;
		};
/* End PBXSourcesBuildPhase section */

/* Begin PBXTargetDependency section */
		6A7220241E1E278C00CBEF85 /* PBXTargetDependency */ = {
			isa = PBXTargetDependency;
			target = 6A72200A1E1E278800CBEF85 /* TestSwift */;
			targetProxy = 6A7220231E1E278C00CBEF85 /* PBXContainerItemProxy */;
		};
		6A72202F1E1E278D00CBEF85 /* PBXTargetDependency */ = {
			isa = PBXTargetDependency;
			target = 6A72200A1E1E278800CBEF85 /* TestSwift */;
			targetProxy = 6A72202E1E1E278D00CBEF85 /* PBXContainerItemProxy */;
		};
/* End PBXTargetDependency section */

/* Begin PBXVariantGroup section */
		6A7220121E1E278B00CBEF85 /* Main.storyboard */ = {
			isa = PBXVariantGroup;
			children = (
				6A7220131E1E278B00CBEF85 /* Base */,
			);
			name = Main.storyboard;
			sourceTree = "<group>";
		};
		6A72201A1E1E278C00CBEF85 /* LaunchScreen.storyboard */ = {
			isa = PBXVariantGroup;
			children = (
				6A72201B1E1E278C00CBEF85 /* Base */,
			);
			name = LaunchScreen.storyboard;
			sourceTree = "<group>";
		};
/* End PBXVariantGroup section */

/* Begin XCBuildConfiguration section */
		6A7220341E1E278D00CBEF85 /* Debug */ = {
			isa = XCBuildConfiguration;
			buildSettings = {
				ALWAYS_SEARCH_USER_PATHS = NO;
				CLANG_ANALYZER_NONNULL = YES;
				CLANG_CXX_LANGUAGE_STANDARD = "gnu++0x";
				CLANG_CXX_LIBRARY = "libc++";
				CLANG_ENABLE_MODULES = YES;
				CLANG_ENABLE_OBJC_ARC = YES;
				CLANG_WARN_BOOL_CONVERSION = YES;
				CLANG_WARN_CONSTANT_CONVERSION = YES;
				CLANG_WARN_DIRECT_OBJC_ISA_USAGE = YES_ERROR;
				CLANG_WARN_DOCUMENTATION_COMMENTS = YES;
				CLANG_WARN_EMPTY_BODY = YES;
				CLANG_WARN_ENUM_CONVERSION = YES;
				CLANG_WARN_INFINITE_RECURSION = YES;
				CLANG_WARN_INT_CONVERSION = YES;
				CLANG_WARN_OBJC_ROOT_CLASS = YES_ERROR;
				CLANG_WARN_SUSPICIOUS_MOVES = YES;
				CLANG_WARN_UNREACHABLE_CODE = YES;
				CLANG_WARN__DUPLICATE_METHOD_MATCH = YES;
				"CODE_SIGN_IDENTITY[sdk=iphoneos*]" = "iPhone Developer";
				COPY_PHASE_STRIP = NO;
				DEBUG_INFORMATION_FORMAT = dwarf;
				ENABLE_STRICT_OBJC_MSGSEND = YES;
				ENABLE_TESTABILITY = YES;
				GCC_C_LANGUAGE_STANDARD = gnu99;
				GCC_DYNAMIC_NO_PIC = NO;
				GCC_NO_COMMON_BLOCKS = YES;
				GCC_OPTIMIZATION_LEVEL = 0;
				GCC_PREPROCESSOR_DEFINITIONS = (
					"DEBUG=1",
					"$(inherited)",
				);
				GCC_WARN_64_TO_32_BIT_CONVERSION = YES;
				GCC_WARN_ABOUT_RETURN_TYPE = YES_ERROR;
				GCC_WARN_UNDECLARED_SELECTOR = YES;
				GCC_WARN_UNINITIALIZED_AUTOS = YES_AGGRESSIVE;
				GCC_WARN_UNUSED_FUNCTION = YES;
				GCC_WARN_UNUSED_VARIABLE = YES;
				IPHONEOS_DEPLOYMENT_TARGET = 10.0;
				MTL_ENABLE_DEBUG_INFO = YES;
				ONLY_ACTIVE_ARCH = YES;
				SDKROOT = iphoneos;
				SWIFT_ACTIVE_COMPILATION_CONDITIONS = DEBUG;
				SWIFT_OPTIMIZATION_LEVEL = "-Onone";
			};
			name = Debug;
		};
		6A7220351E1E278D00CBEF85 /* Release */ = {
			isa = XCBuildConfiguration;
			buildSettings = {
				ALWAYS_SEARCH_USER_PATHS = NO;
				CLANG_ANALYZER_NONNULL = YES;
				CLANG_CXX_LANGUAGE_STANDARD = "gnu++0x";
				CLANG_CXX_LIBRARY = "libc++";
				CLANG_ENABLE_MODULES = YES;
				CLANG_ENABLE_OBJC_ARC = YES;
				CLANG_WARN_BOOL_CONVERSION = YES;
				CLANG_WARN_CONSTANT_CONVERSION = YES;
				CLANG_WARN_DIRECT_OBJC_ISA_USAGE = YES_ERROR;
				CLANG_WARN_DOCUMENTATION_COMMENTS = YES;
				CLANG_WARN_EMPTY_BODY = YES;
				CLANG_WARN_ENUM_CONVERSION = YES;
				CLANG_WARN_INFINITE_RECURSION = YES;
				CLANG_WARN_INT_CONVERSION = YES;
				CLANG_WARN_OBJC_ROOT_CLASS = YES_ERROR;
				CLANG_WARN_SUSPICIOUS_MOVES = YES;
				CLANG_WARN_UNREACHABLE_CODE = YES;
				CLANG_WARN__DUPLICATE_METHOD_MATCH = YES;
				"CODE_SIGN_IDENTITY[sdk=iphoneos*]" = "iPhone Developer";
				COPY_PHASE_STRIP = NO;
				DEBUG_INFORMATION_FORMAT = "dwarf-with-dsym";
				ENABLE_NS_ASSERTIONS = NO;
				ENABLE_STRICT_OBJC_MSGSEND = YES;
				GCC_C_LANGUAGE_STANDARD = gnu99;
				GCC_NO_COMMON_BLOCKS = YES;
				GCC_WARN_64_TO_32_BIT_CONVERSION = YES;
				GCC_WARN_ABOUT_RETURN_TYPE = YES_ERROR;
				GCC_WARN_UNDECLARED_SELECTOR = YES;
				GCC_WARN_UNINITIALIZED_AUTOS = YES_AGGRESSIVE;
				GCC_WARN_UNUSED_FUNCTION = YES;
				GCC_WARN_UNUSED_VARIABLE = YES;
				IPHONEOS_DEPLOYMENT_TARGET = 10.0;
				MTL_ENABLE_DEBUG_INFO = NO;
				SDKROOT = iphoneos;
				SWIFT_OPTIMIZATION_LEVEL = "-Owholemodule";
				VALIDATE_PRODUCT = YES;
			};
			name = Release;
		};
		6A7220371E1E278D00CBEF85 /* Debug */ = {
			isa = XCBuildConfiguration;
			buildSettings = {
				ASSETCATALOG_COMPILER_APPICON_NAME = AppIcon;
				INFOPLIST_FILE = TestSwift/Info.plist;
				LD_RUNPATH_SEARCH_PATHS = "$(inherited) @executable_path/Frameworks";
				PRODUCT_BUNDLE_IDENTIFIER = wylog.TestSwift;
				PRODUCT_NAME = "$(TARGET_NAME)";
				SWIFT_OBJC_BRIDGING_HEADER = "TestSwift/TestSwift-Bridging-Header.h";
				SWIFT_VERSION = 3.0;
			};
			name = Debug;
		};
		6A7220381E1E278D00CBEF85 /* Release */ = {
			isa = XCBuildConfiguration;
			buildSettings = {
				ASSETCATALOG_COMPILER_APPICON_NAME = AppIcon;
				INFOPLIST_FILE = TestSwift/Info.plist;
				LD_RUNPATH_SEARCH_PATHS = "$(inherited) @executable_path/Frameworks";
				PRODUCT_BUNDLE_IDENTIFIER = wylog.TestSwift;
				PRODUCT_NAME = "$(TARGET_NAME)";
				SWIFT_OBJC_BRIDGING_HEADER = "TestSwift/TestSwift-Bridging-Header.h";
				SWIFT_VERSION = 3.0;
			};
			name = Release;
		};
		6A72203A1E1E278D00CBEF85 /* Debug */ = {
			isa = XCBuildConfiguration;
			buildSettings = {
				ALWAYS_EMBED_SWIFT_STANDARD_LIBRARIES = YES;
				BUNDLE_LOADER = "$(TEST_HOST)";
				INFOPLIST_FILE = TestSwiftTests/Info.plist;
				LD_RUNPATH_SEARCH_PATHS = "$(inherited) @executable_path/Frameworks @loader_path/Frameworks";
				PRODUCT_BUNDLE_IDENTIFIER = wylog.TestSwiftTests;
				PRODUCT_NAME = "$(TARGET_NAME)";
				SWIFT_VERSION = 3.0;
				TEST_HOST = "$(BUILT_PRODUCTS_DIR)/TestSwift.app/TestSwift";
			};
			name = Debug;
		};
		6A72203B1E1E278D00CBEF85 /* Release */ = {
			isa = XCBuildConfiguration;
			buildSettings = {
				ALWAYS_EMBED_SWIFT_STANDARD_LIBRARIES = YES;
				BUNDLE_LOADER = "$(TEST_HOST)";
				INFOPLIST_FILE = TestSwiftTests/Info.plist;
				LD_RUNPATH_SEARCH_PATHS = "$(inherited) @executable_path/Frameworks @loader_path/Frameworks";
				PRODUCT_BUNDLE_IDENTIFIER = wylog.TestSwiftTests;
				PRODUCT_NAME = "$(TARGET_NAME)";
				SWIFT_VERSION = 3.0;
				TEST_HOST = "$(BUILT_PRODUCTS_DIR)/TestSwift.app/TestSwift";
			};
			name = Release;
		};
		6A72203D1E1E278D00CBEF85 /* Debug */ = {
			isa = XCBuildConfiguration;
			buildSettings = {
				ALWAYS_EMBED_SWIFT_STANDARD_LIBRARIES = YES;
				INFOPLIST_FILE = TestSwiftUITests/Info.plist;
				LD_RUNPATH_SEARCH_PATHS = "$(inherited) @executable_path/Frameworks @loader_path/Frameworks";
				PRODUCT_BUNDLE_IDENTIFIER = wylog.TestSwiftUITests;
				PRODUCT_NAME = "$(TARGET_NAME)";
				SWIFT_VERSION = 3.0;
				TEST_TARGET_NAME = TestSwift;
			};
			name = Debug;
		};
		6A72203E1E1E278D00CBEF85 /* Release */ = {
			isa = XCBuildConfiguration;
			buildSettings = {
				ALWAYS_EMBED_SWIFT_STANDARD_LIBRARIES = YES;
				INFOPLIST_FILE = TestSwiftUITests/Info.plist;
				LD_RUNPATH_SEARCH_PATHS = "$(inherited) @executable_path/Frameworks @loader_path/Frameworks";
				PRODUCT_BUNDLE_IDENTIFIER = wylog.TestSwiftUITests;
				PRODUCT_NAME = "$(TARGET_NAME)";
				SWIFT_VERSION = 3.0;
				TEST_TARGET_NAME = TestSwift;
			};
			name = Release;
		};
/* End XCBuildConfiguration section */

/* Begin XCConfigurationList section */
		6A7220061E1E278800CBEF85 /* Build configuration list for PBXProject "TestSwift" */ = {
			isa = XCConfigurationList;
			buildConfigurations = (
				6A7220341E1E278D00CBEF85 /* Debug */,
				6A7220351E1E278D00CBEF85 /* Release */,
			);
			defaultConfigurationIsVisible = 0;
			defaultConfigurationName = Release;
		};
		6A7220361E1E278D00CBEF85 /* Build configuration list for PBXNativeTarget "TestSwift" */ = {
			isa = XCConfigurationList;
			buildConfigurations = (
				6A7220371E1E278D00CBEF85 /* Debug */,
				6A7220381E1E278D00CBEF85 /* Release */,
			);
			defaultConfigurationIsVisible = 0;
			defaultConfigurationName = Release;
		};
		6A7220391E1E278D00CBEF85 /* Build configuration list for PBXNativeTarget "TestSwiftTests" */ = {
			isa = XCConfigurationList;
			buildConfigurations = (
				6A72203A1E1E278D00CBEF85 /* Debug */,
				6A72203B1E1E278D00CBEF85 /* Release */,
			);
			defaultConfigurationIsVisible = 0;
			defaultConfigurationName = Release;
		};
		6A72203C1E1E278D00CBEF85 /* Build configuration list for PBXNativeTarget "TestSwiftUITests" */ = {
			isa = XCConfigurationList;
			buildConfigurations = (
				6A72203D1E1E278D00CBEF85 /* Debug */,
				6A72203E1E1E278D00CBEF85 /* Release */,
			);
			defaultConfigurationIsVisible = 0;
			defaultConfigurationName = Release;
		};
/* End XCConfigurationList section */

/* Begin XCVersionGroup section */
		6A7220151E1E278B00CBEF85 /* TestSwift.xcdatamodeld */ = {
			isa = XCVersionGroup;
			children = (
				6A7220161E1E278B00CBEF85 /* TestSwift.xcdatamodel */,
			);
			currentVersion = 6A7220161E1E278B00CBEF85 /* TestSwift.xcdatamodel */;
			path = TestSwift.xcdatamodeld;
			sourceTree = "<group>";
			versionGroupType = wrapper.xcdatamodel;
		};
/* End XCVersionGroup section */
	};
	rootObject = 6A7220031E1E278800CBEF85 /* Project object */;
}
